
Microsoft Visual Studio Solution File, Format Version 12.00
# Visual Studio Version 17
VisualStudioVersion = 17.12.35707.178 d17.12
MinimumVisualStudioVersion = 10.0.40219.1
Project("{FAE04EC0-301F-11D3-BF4B-00C04F79EFBC}") = "TestProjectMs", "TestProjectMs\TestProjectMs.csproj", "{F8B10EC6-CC99-4F5B-A17D-408C4E9668D1}"
EndProject
Project("{FAE04EC0-301F-11D3-BF4B-00C04F79EFBC}") = "SampleDemo", "SampleDemo\SampleDemo.csproj", "{8271A9D4-C9A5-4127-A9BC-ABB284CA6106}"
EndProject
Project("{FAE04EC0-301F-11D3-BF4B-00C04F79EFBC}") = "TestnunitProject", "TestnunitProject\TestnunitProject.csproj", "{1DA4397E-F8C9-4E63-8B0A-896DB8E62E96}"
EndProject
Global
	GlobalSection(SolutionConfigurationPlatforms) = preSolution
		Debug|Any CPU = Debug|Any CPU
		Release|Any CPU = Release|Any CPU
	EndGlobalSection
	GlobalSection(ProjectConfigurationPlatforms) = postSolution
		{F8B10EC6-CC99-4F5B-A17D-408C4E9668D1}.Debug|Any CPU.ActiveCfg = Debug|Any CPU
		{F8B10EC6-CC99-4F5B-A17D-408C4E9668D1}.Debug|Any CPU.Build.0 = Debug|Any CPU
		{F8B10EC6-CC99-4F5B-A17D-408C4E9668D1}.Release|Any CPU.ActiveCfg = Release|Any CPU
		{F8B10EC6-CC99-4F5B-A17D-408C4E9668D1}.Release|Any CPU.Build.0 = Release|Any CPU
		{8271A9D4-C9A5-4127-A9BC-ABB284CA6106}.Debug|Any CPU.ActiveCfg = Debug|Any CPU
		{8271A9D4-C9A5-4127-A9BC-ABB284CA6106}.Debug|Any CPU.Build.0 = Debug|Any CPU
		{8271A9D4-C9A5-4127-A9BC-ABB284CA6106}.Release|Any CPU.ActiveCfg = Release|Any CPU
		{8271A9D4-C9A5-4127-A9BC-ABB284CA6106}.Release|Any CPU.Build.0 = Release|Any CPU
		{1DA4397E-F8C9-4E63-8B0A-896DB8E62E96}.Debug|Any CPU.ActiveCfg = Debug|Any CPU
		{1DA4397E-F8C9-4E63-8B0A-896DB8E62E96}.Debug|Any CPU.Build.0 = Debug|Any CPU
		{1DA4397E-F8C9-4E63-8B0A-896DB8E62E96}.Release|Any CPU.ActiveCfg = Release|Any CPU
		{1DA4397E-F8C9-4E63-8B0A-896DB8E62E96}.Release|Any CPU.Build.0 = Release|Any CPU
	EndGlobalSection
	GlobalSection(SolutionProperties) = preSolution
		HideSolutionNode = FALSE
	EndGlobalSection
EndGlobal
